# This file was autogenerated by Stack.
# You should not edit this file by hand.
# For more information, please see the documentation at:
#   https://docs.haskellstack.org/en/stable/lock_files

packages:
- completed:
    hackage: SVGFonts-1.8.0.1@sha256:66a29cebd825bdac6ed1da83bd3a310ba6e8db5d63d6511015d644b9a8ec48b8,3019
    pantry-tree:
      size: 1506
      sha256: 51fbfeff7f01beeaba78985d9416b579f72f29aa266c1af7fe0d09bde0850266
  original:
    hackage: SVGFonts-1.8.0.1@sha256:66a29cebd825bdac6ed1da83bd3a310ba6e8db5d63d6511015d644b9a8ec48b8,3019
snapshots:
- completed:
    size: 534126
    url: https://raw.githubusercontent.com/commercialhaskell/stackage-snapshots/master/lts/16/31.yaml
    sha256: 637fb77049b25560622a224845b7acfe81a09fdb6a96a3c75997a10b651667f6
  original:
    url: https://raw.githubusercontent.com/commercialhaskell/stackage-snapshots/master/lts/16/31.yaml
